
Microsoft Visual Studio Solution File, Format Version 12.00
# Visual Studio 15
Project("{FAE04EC0-301F-11D3-BF4B-00C04F79EFBC}") = "Unity.Timeline", "Unity.Timeline.csproj", "{CED5D8E6-BDD9-D5C2-89D1-2405BAFC191F}"
EndProject
Project("{FAE04EC0-301F-11D3-BF4B-00C04F79EFBC}") = "Unity.PlasticSCM.Editor", "Unity.PlasticSCM.Editor.csproj", "{0F6B2E0E-900F-2E06-95E7-2FB6A9449F25}"
EndProject
Project("{FAE04EC0-301F-11D3-BF4B-00C04F79EFBC}") = "Unity.2D.Aseprite.Editor", "Unity.2D.Aseprite.Editor.csproj", "{193BF5C6-0C84-3EB6-7160-16B5B34C1C39}"
EndProject
Project("{FAE04EC0-301F-11D3-BF4B-00C04F79EFBC}") = "Unity.Mathematics", "Unity.Mathematics.csproj", "{588150BE-429D-2B13-B275-D5064F68C02E}"
EndProject
Project("{FAE04EC0-301F-11D3-BF4B-00C04F79EFBC}") = "Unity.Timeline.Editor", "Unity.Timeline.Editor.csproj", "{92A68DF2-681A-7917-EEE4-689DBB8E45BF}"
EndProject
Project("{FAE04EC0-301F-11D3-BF4B-00C04F79EFBC}") = "Unity.Cinemachine.Editor", "Unity.Cinemachine.Editor.csproj", "{140AA58A-8098-CCE8-CA41-730EC89CE921}"
EndProject
Project("{FAE04EC0-301F-11D3-BF4B-00C04F79EFBC}") = "Unity.2D.Psdimporter.Editor", "Unity.2D.Psdimporter.Editor.csproj", "{5B7A6FBA-7E99-033B-04BE-885A402E0062}"
EndProject
Project("{FAE04EC0-301F-11D3-BF4B-00C04F79EFBC}") = "Unity.Collections", "Unity.Collections.csproj", "{DD1796FD-70A3-11D8-2433-DED9B7E7385F}"
EndProject
Project("{FAE04EC0-301F-11D3-BF4B-00C04F79EFBC}") = "Unity.2D.IK.Runtime", "Unity.2D.IK.Runtime.csproj", "{5CD87665-2FF7-0588-B342-FB0D11ED8EAB}"
EndProject
Project("{FAE04EC0-301F-11D3-BF4B-00C04F79EFBC}") = "Unity.VisualScripting.Core.Editor", "Unity.VisualScripting.Core.Editor.csproj", "{26DECC6E-068F-91ED-8DCA-015324E10F6F}"
EndProject
Project("{FAE04EC0-301F-11D3-BF4B-00C04F79EFBC}") = "Unity.PerformanceTesting.Editor", "Unity.PerformanceTesting.Editor.csproj", "{1F83F75B-8134-C0EC-6600-5ABF88C3973B}"
EndProject
Project("{FAE04EC0-301F-11D3-BF4B-00C04F79EFBC}") = "Unity.Splines", "Unity.Splines.csproj", "{6DE918E3-13EC-2334-476B-93EBDF296CB4}"
EndProject
Project("{FAE04EC0-301F-11D3-BF4B-00C04F79EFBC}") = "Unity.Burst", "Unity.Burst.csproj", "{28E01845-F60C-2BDB-34AE-9262C27AACA9}"
EndProject
Project("{FAE04EC0-301F-11D3-BF4B-00C04F79EFBC}") = "Unity.VisualScripting.Flow.Editor", "Unity.VisualScripting.Flow.Editor.csproj", "{CE9603EC-CE5E-102C-AC25-295CA7009BCB}"
EndProject
Project("{FAE04EC0-301F-11D3-BF4B-00C04F79EFBC}") = "Unity.2D.SpriteShape.Editor", "Unity.2D.SpriteShape.Editor.csproj", "{2A58FFBC-0CA1-6377-A1DC-A4A4A6E08BB0}"
EndProject
Project("{FAE04EC0-301F-11D3-BF4B-00C04F79EFBC}") = "Unity.VisualStudio.Editor", "Unity.VisualStudio.Editor.csproj", "{4DA52879-C7FE-7964-F3F2-95F4DD146E2E}"
EndProject
Project("{FAE04EC0-301F-11D3-BF4B-00C04F79EFBC}") = "Unity.InputSystem", "Unity.InputSystem.csproj", "{6555425E-0953-0C9F-0351-99B3B2746F8D}"
EndProject
Project("{FAE04EC0-301F-11D3-BF4B-00C04F79EFBC}") = "Unity.2D.Animation.Editor", "Unity.2D.Animation.Editor.csproj", "{23D533B9-363E-B3A8-3069-44C52D15314F}"
EndProject
Project("{FAE04EC0-301F-11D3-BF4B-00C04F79EFBC}") = "Unity.Searcher.Editor", "Unity.Searcher.Editor.csproj", "{B8F1FE48-3E03-582A-540C-67B6C16E0FB0}"
EndProject
Project("{FAE04EC0-301F-11D3-BF4B-00C04F79EFBC}") = "Unity.2D.SpriteShape.Runtime", "Unity.2D.SpriteShape.Runtime.csproj", "{439543B9-A7AF-8015-85EB-66688DEFEB2A}"
EndProject
Project("{FAE04EC0-301F-11D3-BF4B-00C04F79EFBC}") = "Unity.VisualScripting.Core", "Unity.VisualScripting.Core.csproj", "{3E61ACEB-C1E3-EDB1-DEC7-FDDB1B017537}"
EndProject
Project("{FAE04EC0-301F-11D3-BF4B-00C04F79EFBC}") = "Unity.CollabProxy.Editor", "Unity.CollabProxy.Editor.csproj", "{C6120121-F67C-9D72-C8A7-DAB9912531D8}"
EndProject
Project("{FAE04EC0-301F-11D3-BF4B-00C04F79EFBC}") = "Unity.VisualScripting.State.Editor", "Unity.VisualScripting.State.Editor.csproj", "{131ED3CA-4136-CF76-A8D1-05D9F5047E44}"
EndProject
Project("{FAE04EC0-301F-11D3-BF4B-00C04F79EFBC}") = "Unity.Burst.CodeGen", "Unity.Burst.CodeGen.csproj", "{87F71DDF-7684-BFC0-4BA9-C2DD4152C2F6}"
EndProject
Project("{FAE04EC0-301F-11D3-BF4B-00C04F79EFBC}") = "Unity.Cinemachine", "Unity.Cinemachine.csproj", "{3BF38D44-F9B8-2477-242F-B12F8AD89AA4}"
EndProject
Project("{FAE04EC0-301F-11D3-BF4B-00C04F79EFBC}") = "Unity.VisualScripting.Flow", "Unity.VisualScripting.Flow.csproj", "{148E9F84-8831-20F1-9178-1D401E6EF9B0}"
EndProject
Project("{FAE04EC0-301F-11D3-BF4B-00C04F79EFBC}") = "Unity.Splines.Editor", "Unity.Splines.Editor.csproj", "{219806B9-CF8B-7CEF-8D18-3B4E56391F37}"
EndProject
Project("{FAE04EC0-301F-11D3-BF4B-00C04F79EFBC}") = "Unity.PerformanceTesting", "Unity.PerformanceTesting.csproj", "{EA477C14-AC76-113C-D771-A0F1C727E8DB}"
EndProject
Project("{FAE04EC0-301F-11D3-BF4B-00C04F79EFBC}") = "Unity.2D.Tilemap.Extras.Editor", "Unity.2D.Tilemap.Extras.Editor.csproj", "{9B779DDB-2A59-BC33-4388-EEB371A8161A}"
EndProject
Project("{FAE04EC0-301F-11D3-BF4B-00C04F79EFBC}") = "PsdPlugin", "PsdPlugin.csproj", "{83D876D5-6B1B-D619-7DAA-3A684E2DBFED}"
EndProject
Project("{FAE04EC0-301F-11D3-BF4B-00C04F79EFBC}") = "Unity.2D.IK.Editor", "Unity.2D.IK.Editor.csproj", "{B1D6AC50-5828-9D0E-89C9-7E738D8002A7}"
EndProject
Project("{FAE04EC0-301F-11D3-BF4B-00C04F79EFBC}") = "Unity.InternalAPIEngineBridge.001", "Unity.InternalAPIEngineBridge.001.csproj", "{C3CD3679-05CB-2111-4AB0-3F12A40BE46D}"
EndProject
Project("{FAE04EC0-301F-11D3-BF4B-00C04F79EFBC}") = "Unity.2D.Aseprite.Common", "Unity.2D.Aseprite.Common.csproj", "{4FD0823F-74EC-D755-F6EA-4060E7EA37D7}"
EndProject
Project("{FAE04EC0-301F-11D3-BF4B-00C04F79EFBC}") = "Unity.Burst.Editor", "Unity.Burst.Editor.csproj", "{D7CB95C6-C4A2-64A1-5515-1F06F8B1E024}"
EndProject
Project("{FAE04EC0-301F-11D3-BF4B-00C04F79EFBC}") = "Unity.2D.Common.Path.Editor", "Unity.2D.Common.Path.Editor.csproj", "{C2E2A338-32DD-B291-17D8-9F192923AA1F}"
EndProject
Project("{FAE04EC0-301F-11D3-BF4B-00C04F79EFBC}") = "Unity.2D.Common.Editor", "Unity.2D.Common.Editor.csproj", "{C7FEBEC3-5C8E-0C5F-9D59-1B1C5FC08B09}"
EndProject
Project("{FAE04EC0-301F-11D3-BF4B-00C04F79EFBC}") = "Unity.Rider.Editor", "Unity.Rider.Editor.csproj", "{4CD7EFE0-853F-79C4-D21C-A2C32AA74247}"
EndProject
Project("{FAE04EC0-301F-11D3-BF4B-00C04F79EFBC}") = "Unity.VisualScripting.State", "Unity.VisualScripting.State.csproj", "{FF1F78E2-8563-0586-44F0-40C905A92B49}"
EndProject
Project("{FAE04EC0-301F-11D3-BF4B-00C04F79EFBC}") = "Unity.InternalAPIEditorBridge.001", "Unity.InternalAPIEditorBridge.001.csproj", "{480D37E0-ED63-635D-CD8C-9B806C8A18B0}"
EndProject
Project("{FAE04EC0-301F-11D3-BF4B-00C04F79EFBC}") = "Unity.InputSystem.ForUI", "Unity.InputSystem.ForUI.csproj", "{38B5CEA5-921E-2582-DB75-1AE1DD8C10AE}"
EndProject
Project("{FAE04EC0-301F-11D3-BF4B-00C04F79EFBC}") = "Unity.Collections.CodeGen", "Unity.Collections.CodeGen.csproj", "{DE1ED1E2-4E69-7733-DBCB-981003BB699E}"
EndProject
Project("{FAE04EC0-301F-11D3-BF4B-00C04F79EFBC}") = "Unity.2D.Tilemap.Extras", "Unity.2D.Tilemap.Extras.csproj", "{B689C844-ED11-C74B-7AC2-B992B8151515}"
EndProject
Project("{FAE04EC0-301F-11D3-BF4B-00C04F79EFBC}") = "Unity.2D.Animation.Runtime", "Unity.2D.Animation.Runtime.csproj", "{AB4BBC78-52BD-C81D-EE4B-FE08E66F0498}"
EndProject
Project("{FAE04EC0-301F-11D3-BF4B-00C04F79EFBC}") = "Assembly-CSharp", "Assembly-CSharp.csproj", "{288CE7FF-1B80-DDAB-FB93-9AA3404DF6FA}"
EndProject
Project("{FAE04EC0-301F-11D3-BF4B-00C04F79EFBC}") = "Unity.Mathematics.Editor", "Unity.Mathematics.Editor.csproj", "{9D1BA62F-6723-CAB5-5B25-FD85A8BB9231}"
EndProject
Project("{FAE04EC0-301F-11D3-BF4B-00C04F79EFBC}") = "Unity.VisualScripting.SettingsProvider.Editor", "Unity.VisualScripting.SettingsProvider.Editor.csproj", "{993B3BA6-AEF9-A67C-9192-ED35C98B10A3}"
EndProject
Project("{FAE04EC0-301F-11D3-BF4B-00C04F79EFBC}") = "Unity.Settings.Editor", "Unity.Settings.Editor.csproj", "{24A770C5-F7BA-8EB4-6402-C8B8C53C6E9B}"
EndProject
Project("{FAE04EC0-301F-11D3-BF4B-00C04F79EFBC}") = "Unity.InputSystem.TestFramework", "Unity.InputSystem.TestFramework.csproj", "{2A407E8A-8439-93A7-F6D9-A78A1E199B4D}"
EndProject
Project("{FAE04EC0-301F-11D3-BF4B-00C04F79EFBC}") = "Unity.VisualScripting.Shared.Editor", "Unity.VisualScripting.Shared.Editor.csproj", "{C0ACF325-82DB-EE25-91DE-6AF0BAEE2D38}"
EndProject
Project("{FAE04EC0-301F-11D3-BF4B-00C04F79EFBC}") = "Unity.2D.Common.Runtime", "Unity.2D.Common.Runtime.csproj", "{71919B5A-70DE-93B3-EE43-EABFFA511511}"
EndProject
Project("{FAE04EC0-301F-11D3-BF4B-00C04F79EFBC}") = "Unity.InputSystem.DocCodeSamples", "Unity.InputSystem.DocCodeSamples.csproj", "{F6B705AE-C39B-31BE-0BF9-4E1346466703}"
EndProject
Project("{FAE04EC0-301F-11D3-BF4B-00C04F79EFBC}") = "ScriptablePacker", "ScriptablePacker.csproj", "{79BF7F27-E9BB-46B0-EE65-B8618EAC6F39}"
EndProject
Project("{FAE04EC0-301F-11D3-BF4B-00C04F79EFBC}") = "Unity.PlasticSCM.Editor.Entities", "Unity.PlasticSCM.Editor.Entities.csproj", "{FA77C4E9-6A6E-3DA6-85C3-BD337AD9F819}"
EndProject
Project("{FAE04EC0-301F-11D3-BF4B-00C04F79EFBC}") = "Unity.Collections.Editor", "Unity.Collections.Editor.csproj", "{3E1CB3E9-A5DF-AFB7-1859-26EC8E4BFEC5}"
EndProject
Global
	GlobalSection(SolutionConfigurationPlatforms) = preSolution
		Debug|Any CPU = Debug|Any CPU
		Release|Any CPU = Release|Any CPU
	EndGlobalSection
	GlobalSection(ProjectConfigurationPlatforms) = postSolution
		{CED5D8E6-BDD9-D5C2-89D1-2405BAFC191F}.Debug|Any CPU.ActiveCfg = Debug|Any CPU
		{CED5D8E6-BDD9-D5C2-89D1-2405BAFC191F}.Debug|Any CPU.Build.0 = Debug|Any CPU
		{CED5D8E6-BDD9-D5C2-89D1-2405BAFC191F}.Release|Any CPU.ActiveCfg = Release|Any CPU
		{CED5D8E6-BDD9-D5C2-89D1-2405BAFC191F}.Release|Any CPU.Build.0 = Release|Any CPU
		{0F6B2E0E-900F-2E06-95E7-2FB6A9449F25}.Debug|Any CPU.ActiveCfg = Debug|Any CPU
		{0F6B2E0E-900F-2E06-95E7-2FB6A9449F25}.Debug|Any CPU.Build.0 = Debug|Any CPU
		{0F6B2E0E-900F-2E06-95E7-2FB6A9449F25}.Release|Any CPU.ActiveCfg = Release|Any CPU
		{0F6B2E0E-900F-2E06-95E7-2FB6A9449F25}.Release|Any CPU.Build.0 = Release|Any CPU
		{193BF5C6-0C84-3EB6-7160-16B5B34C1C39}.Debug|Any CPU.ActiveCfg = Debug|Any CPU
		{193BF5C6-0C84-3EB6-7160-16B5B34C1C39}.Debug|Any CPU.Build.0 = Debug|Any CPU
		{193BF5C6-0C84-3EB6-7160-16B5B34C1C39}.Release|Any CPU.ActiveCfg = Release|Any CPU
		{193BF5C6-0C84-3EB6-7160-16B5B34C1C39}.Release|Any CPU.Build.0 = Release|Any CPU
		{588150BE-429D-2B13-B275-D5064F68C02E}.Debug|Any CPU.ActiveCfg = Debug|Any CPU
		{588150BE-429D-2B13-B275-D5064F68C02E}.Debug|Any CPU.Build.0 = Debug|Any CPU
		{588150BE-429D-2B13-B275-D5064F68C02E}.Release|Any CPU.ActiveCfg = Release|Any CPU
		{588150BE-429D-2B13-B275-D5064F68C02E}.Release|Any CPU.Build.0 = Release|Any CPU
		{92A68DF2-681A-7917-EEE4-689DBB8E45BF}.Debug|Any CPU.ActiveCfg = Debug|Any CPU
		{92A68DF2-681A-7917-EEE4-689DBB8E45BF}.Debug|Any CPU.Build.0 = Debug|Any CPU
		{92A68DF2-681A-7917-EEE4-689DBB8E45BF}.Release|Any CPU.ActiveCfg = Release|Any CPU
		{92A68DF2-681A-7917-EEE4-689DBB8E45BF}.Release|Any CPU.Build.0 = Release|Any CPU
		{140AA58A-8098-CCE8-CA41-730EC89CE921}.Debug|Any CPU.ActiveCfg = Debug|Any CPU
		{140AA58A-8098-CCE8-CA41-730EC89CE921}.Debug|Any CPU.Build.0 = Debug|Any CPU
		{140AA58A-8098-CCE8-CA41-730EC89CE921}.Release|Any CPU.ActiveCfg = Release|Any CPU
		{140AA58A-8098-CCE8-CA41-730EC89CE921}.Release|Any CPU.Build.0 = Release|Any CPU
		{5B7A6FBA-7E99-033B-04BE-885A402E0062}.Debug|Any CPU.ActiveCfg = Debug|Any CPU
		{5B7A6FBA-7E99-033B-04BE-885A402E0062}.Debug|Any CPU.Build.0 = Debug|Any CPU
		{5B7A6FBA-7E99-033B-04BE-885A402E0062}.Release|Any CPU.ActiveCfg = Release|Any CPU
		{5B7A6FBA-7E99-033B-04BE-885A402E0062}.Release|Any CPU.Build.0 = Release|Any CPU
		{DD1796FD-70A3-11D8-2433-DED9B7E7385F}.Debug|Any CPU.ActiveCfg = Debug|Any CPU
		{DD1796FD-70A3-11D8-2433-DED9B7E7385F}.Debug|Any CPU.Build.0 = Debug|Any CPU
		{DD1796FD-70A3-11D8-2433-DED9B7E7385F}.Release|Any CPU.ActiveCfg = Release|Any CPU
		{DD1796FD-70A3-11D8-2433-DED9B7E7385F}.Release|Any CPU.Build.0 = Release|Any CPU
		{5CD87665-2FF7-0588-B342-FB0D11ED8EAB}.Debug|Any CPU.ActiveCfg = Debug|Any CPU
		{5CD87665-2FF7-0588-B342-FB0D11ED8EAB}.Debug|Any CPU.Build.0 = Debug|Any CPU
		{5CD87665-2FF7-0588-B342-FB0D11ED8EAB}.Release|Any CPU.ActiveCfg = Release|Any CPU
		{5CD87665-2FF7-0588-B342-FB0D11ED8EAB}.Release|Any CPU.Build.0 = Release|Any CPU
		{26DECC6E-068F-91ED-8DCA-015324E10F6F}.Debug|Any CPU.ActiveCfg = Debug|Any CPU
		{26DECC6E-068F-91ED-8DCA-015324E10F6F}.Debug|Any CPU.Build.0 = Debug|Any CPU
		{26DECC6E-068F-91ED-8DCA-015324E10F6F}.Release|Any CPU.ActiveCfg = Release|Any CPU
		{26DECC6E-068F-91ED-8DCA-015324E10F6F}.Release|Any CPU.Build.0 = Release|Any CPU
		{1F83F75B-8134-C0EC-6600-5ABF88C3973B}.Debug|Any CPU.ActiveCfg = Debug|Any CPU
		{1F83F75B-8134-C0EC-6600-5ABF88C3973B}.Debug|Any CPU.Build.0 = Debug|Any CPU
		{1F83F75B-8134-C0EC-6600-5ABF88C3973B}.Release|Any CPU.ActiveCfg = Release|Any CPU
		{1F83F75B-8134-C0EC-6600-5ABF88C3973B}.Release|Any CPU.Build.0 = Release|Any CPU
		{6DE918E3-13EC-2334-476B-93EBDF296CB4}.Debug|Any CPU.ActiveCfg = Debug|Any CPU
		{6DE918E3-13EC-2334-476B-93EBDF296CB4}.Debug|Any CPU.Build.0 = Debug|Any CPU
		{6DE918E3-13EC-2334-476B-93EBDF296CB4}.Release|Any CPU.ActiveCfg = Release|Any CPU
		{6DE918E3-13EC-2334-476B-93EBDF296CB4}.Release|Any CPU.Build.0 = Release|Any CPU
		{28E01845-F60C-2BDB-34AE-9262C27AACA9}.Debug|Any CPU.ActiveCfg = Debug|Any CPU
		{28E01845-F60C-2BDB-34AE-9262C27AACA9}.Debug|Any CPU.Build.0 = Debug|Any CPU
		{28E01845-F60C-2BDB-34AE-9262C27AACA9}.Release|Any CPU.ActiveCfg = Release|Any CPU
		{28E01845-F60C-2BDB-34AE-9262C27AACA9}.Release|Any CPU.Build.0 = Release|Any CPU
		{CE9603EC-CE5E-102C-AC25-295CA7009BCB}.Debug|Any CPU.ActiveCfg = Debug|Any CPU
		{CE9603EC-CE5E-102C-AC25-295CA7009BCB}.Debug|Any CPU.Build.0 = Debug|Any CPU
		{CE9603EC-CE5E-102C-AC25-295CA7009BCB}.Release|Any CPU.ActiveCfg = Release|Any CPU
		{CE9603EC-CE5E-102C-AC25-295CA7009BCB}.Release|Any CPU.Build.0 = Release|Any CPU
		{2A58FFBC-0CA1-6377-A1DC-A4A4A6E08BB0}.Debug|Any CPU.ActiveCfg = Debug|Any CPU
		{2A58FFBC-0CA1-6377-A1DC-A4A4A6E08BB0}.Debug|Any CPU.Build.0 = Debug|Any CPU
		{2A58FFBC-0CA1-6377-A1DC-A4A4A6E08BB0}.Release|Any CPU.ActiveCfg = Release|Any CPU
		{2A58FFBC-0CA1-6377-A1DC-A4A4A6E08BB0}.Release|Any CPU.Build.0 = Release|Any CPU
		{4DA52879-C7FE-7964-F3F2-95F4DD146E2E}.Debug|Any CPU.ActiveCfg = Debug|Any CPU
		{4DA52879-C7FE-7964-F3F2-95F4DD146E2E}.Debug|Any CPU.Build.0 = Debug|Any CPU
		{4DA52879-C7FE-7964-F3F2-95F4DD146E2E}.Release|Any CPU.ActiveCfg = Release|Any CPU
		{4DA52879-C7FE-7964-F3F2-95F4DD146E2E}.Release|Any CPU.Build.0 = Release|Any CPU
		{6555425E-0953-0C9F-0351-99B3B2746F8D}.Debug|Any CPU.ActiveCfg = Debug|Any CPU
		{6555425E-0953-0C9F-0351-99B3B2746F8D}.Debug|Any CPU.Build.0 = Debug|Any CPU
		{6555425E-0953-0C9F-0351-99B3B2746F8D}.Release|Any CPU.ActiveCfg = Release|Any CPU
		{6555425E-0953-0C9F-0351-99B3B2746F8D}.Release|Any CPU.Build.0 = Release|Any CPU
		{23D533B9-363E-B3A8-3069-44C52D15314F}.Debug|Any CPU.ActiveCfg = Debug|Any CPU
		{23D533B9-363E-B3A8-3069-44C52D15314F}.Debug|Any CPU.Build.0 = Debug|Any CPU
		{23D533B9-363E-B3A8-3069-44C52D15314F}.Release|Any CPU.ActiveCfg = Release|Any CPU
		{23D533B9-363E-B3A8-3069-44C52D15314F}.Release|Any CPU.Build.0 = Release|Any CPU
		{B8F1FE48-3E03-582A-540C-67B6C16E0FB0}.Debug|Any CPU.ActiveCfg = Debug|Any CPU
		{B8F1FE48-3E03-582A-540C-67B6C16E0FB0}.Debug|Any CPU.Build.0 = Debug|Any CPU
		{B8F1FE48-3E03-582A-540C-67B6C16E0FB0}.Release|Any CPU.ActiveCfg = Release|Any CPU
		{B8F1FE48-3E03-582A-540C-67B6C16E0FB0}.Release|Any CPU.Build.0 = Release|Any CPU
		{439543B9-A7AF-8015-85EB-66688DEFEB2A}.Debug|Any CPU.ActiveCfg = Debug|Any CPU
		{439543B9-A7AF-8015-85EB-66688DEFEB2A}.Debug|Any CPU.Build.0 = Debug|Any CPU
		{439543B9-A7AF-8015-85EB-66688DEFEB2A}.Release|Any CPU.ActiveCfg = Release|Any CPU
		{439543B9-A7AF-8015-85EB-66688DEFEB2A}.Release|Any CPU.Build.0 = Release|Any CPU
		{3E61ACEB-C1E3-EDB1-DEC7-FDDB1B017537}.Debug|Any CPU.ActiveCfg = Debug|Any CPU
		{3E61ACEB-C1E3-EDB1-DEC7-FDDB1B017537}.Debug|Any CPU.Build.0 = Debug|Any CPU
		{3E61ACEB-C1E3-EDB1-DEC7-FDDB1B017537}.Release|Any CPU.ActiveCfg = Release|Any CPU
		{3E61ACEB-C1E3-EDB1-DEC7-FDDB1B017537}.Release|Any CPU.Build.0 = Release|Any CPU
		{C6120121-F67C-9D72-C8A7-DAB9912531D8}.Debug|Any CPU.ActiveCfg = Debug|Any CPU
		{C6120121-F67C-9D72-C8A7-DAB9912531D8}.Debug|Any CPU.Build.0 = Debug|Any CPU
		{C6120121-F67C-9D72-C8A7-DAB9912531D8}.Release|Any CPU.ActiveCfg = Release|Any CPU
		{C6120121-F67C-9D72-C8A7-DAB9912531D8}.Release|Any CPU.Build.0 = Release|Any CPU
		{131ED3CA-4136-CF76-A8D1-05D9F5047E44}.Debug|Any CPU.ActiveCfg = Debug|Any CPU
		{131ED3CA-4136-CF76-A8D1-05D9F5047E44}.Debug|Any CPU.Build.0 = Debug|Any CPU
		{131ED3CA-4136-CF76-A8D1-05D9F5047E44}.Release|Any CPU.ActiveCfg = Release|Any CPU
		{131ED3CA-4136-CF76-A8D1-05D9F5047E44}.Release|Any CPU.Build.0 = Release|Any CPU
		{87F71DDF-7684-BFC0-4BA9-C2DD4152C2F6}.Debug|Any CPU.ActiveCfg = Debug|Any CPU
		{87F71DDF-7684-BFC0-4BA9-C2DD4152C2F6}.Debug|Any CPU.Build.0 = Debug|Any CPU
		{87F71DDF-7684-BFC0-4BA9-C2DD4152C2F6}.Release|Any CPU.ActiveCfg = Release|Any CPU
		{87F71DDF-7684-BFC0-4BA9-C2DD4152C2F6}.Release|Any CPU.Build.0 = Release|Any CPU
		{3BF38D44-F9B8-2477-242F-B12F8AD89AA4}.Debug|Any CPU.ActiveCfg = Debug|Any CPU
		{3BF38D44-F9B8-2477-242F-B12F8AD89AA4}.Debug|Any CPU.Build.0 = Debug|Any CPU
		{3BF38D44-F9B8-2477-242F-B12F8AD89AA4}.Release|Any CPU.ActiveCfg = Release|Any CPU
		{3BF38D44-F9B8-2477-242F-B12F8AD89AA4}.Release|Any CPU.Build.0 = Release|Any CPU
		{148E9F84-8831-20F1-9178-1D401E6EF9B0}.Debug|Any CPU.ActiveCfg = Debug|Any CPU
		{148E9F84-8831-20F1-9178-1D401E6EF9B0}.Debug|Any CPU.Build.0 = Debug|Any CPU
		{148E9F84-8831-20F1-9178-1D401E6EF9B0}.Release|Any CPU.ActiveCfg = Release|Any CPU
		{148E9F84-8831-20F1-9178-1D401E6EF9B0}.Release|Any CPU.Build.0 = Release|Any CPU
		{219806B9-CF8B-7CEF-8D18-3B4E56391F37}.Debug|Any CPU.ActiveCfg = Debug|Any CPU
		{219806B9-CF8B-7CEF-8D18-3B4E56391F37}.Debug|Any CPU.Build.0 = Debug|Any CPU
		{219806B9-CF8B-7CEF-8D18-3B4E56391F37}.Release|Any CPU.ActiveCfg = Release|Any CPU
		{219806B9-CF8B-7CEF-8D18-3B4E56391F37}.Release|Any CPU.Build.0 = Release|Any CPU
		{EA477C14-AC76-113C-D771-A0F1C727E8DB}.Debug|Any CPU.ActiveCfg = Debug|Any CPU
		{EA477C14-AC76-113C-D771-A0F1C727E8DB}.Debug|Any CPU.Build.0 = Debug|Any CPU
		{EA477C14-AC76-113C-D771-A0F1C727E8DB}.Release|Any CPU.ActiveCfg = Release|Any CPU
		{EA477C14-AC76-113C-D771-A0F1C727E8DB}.Release|Any CPU.Build.0 = Release|Any CPU
		{9B779DDB-2A59-BC33-4388-EEB371A8161A}.Debug|Any CPU.ActiveCfg = Debug|Any CPU
		{9B779DDB-2A59-BC33-4388-EEB371A8161A}.Debug|Any CPU.Build.0 = Debug|Any CPU
		{9B779DDB-2A59-BC33-4388-EEB371A8161A}.Release|Any CPU.ActiveCfg = Release|Any CPU
		{9B779DDB-2A59-BC33-4388-EEB371A8161A}.Release|Any CPU.Build.0 = Release|Any CPU
		{83D876D5-6B1B-D619-7DAA-3A684E2DBFED}.Debug|Any CPU.ActiveCfg = Debug|Any CPU
		{83D876D5-6B1B-D619-7DAA-3A684E2DBFED}.Debug|Any CPU.Build.0 = Debug|Any CPU
		{83D876D5-6B1B-D619-7DAA-3A684E2DBFED}.Release|Any CPU.ActiveCfg = Release|Any CPU
		{83D876D5-6B1B-D619-7DAA-3A684E2DBFED}.Release|Any CPU.Build.0 = Release|Any CPU
		{B1D6AC50-5828-9D0E-89C9-7E738D8002A7}.Debug|Any CPU.ActiveCfg = Debug|Any CPU
		{B1D6AC50-5828-9D0E-89C9-7E738D8002A7}.Debug|Any CPU.Build.0 = Debug|Any CPU
		{B1D6AC50-5828-9D0E-89C9-7E738D8002A7}.Release|Any CPU.ActiveCfg = Release|Any CPU
		{B1D6AC50-5828-9D0E-89C9-7E738D8002A7}.Release|Any CPU.Build.0 = Release|Any CPU
		{C3CD3679-05CB-2111-4AB0-3F12A40BE46D}.Debug|Any CPU.ActiveCfg = Debug|Any CPU
		{C3CD3679-05CB-2111-4AB0-3F12A40BE46D}.Debug|Any CPU.Build.0 = Debug|Any CPU
		{C3CD3679-05CB-2111-4AB0-3F12A40BE46D}.Release|Any CPU.ActiveCfg = Release|Any CPU
		{C3CD3679-05CB-2111-4AB0-3F12A40BE46D}.Release|Any CPU.Build.0 = Release|Any CPU
		{4FD0823F-74EC-D755-F6EA-4060E7EA37D7}.Debug|Any CPU.ActiveCfg = Debug|Any CPU
		{4FD0823F-74EC-D755-F6EA-4060E7EA37D7}.Debug|Any CPU.Build.0 = Debug|Any CPU
		{4FD0823F-74EC-D755-F6EA-4060E7EA37D7}.Release|Any CPU.ActiveCfg = Release|Any CPU
		{4FD0823F-74EC-D755-F6EA-4060E7EA37D7}.Release|Any CPU.Build.0 = Release|Any CPU
		{D7CB95C6-C4A2-64A1-5515-1F06F8B1E024}.Debug|Any CPU.ActiveCfg = Debug|Any CPU
		{D7CB95C6-C4A2-64A1-5515-1F06F8B1E024}.Debug|Any CPU.Build.0 = Debug|Any CPU
		{D7CB95C6-C4A2-64A1-5515-1F06F8B1E024}.Release|Any CPU.ActiveCfg = Release|Any CPU
		{D7CB95C6-C4A2-64A1-5515-1F06F8B1E024}.Release|Any CPU.Build.0 = Release|Any CPU
		{C2E2A338-32DD-B291-17D8-9F192923AA1F}.Debug|Any CPU.ActiveCfg = Debug|Any CPU
		{C2E2A338-32DD-B291-17D8-9F192923AA1F}.Debug|Any CPU.Build.0 = Debug|Any CPU
		{C2E2A338-32DD-B291-17D8-9F192923AA1F}.Release|Any CPU.ActiveCfg = Release|Any CPU
		{C2E2A338-32DD-B291-17D8-9F192923AA1F}.Release|Any CPU.Build.0 = Release|Any CPU
		{C7FEBEC3-5C8E-0C5F-9D59-1B1C5FC08B09}.Debug|Any CPU.ActiveCfg = Debug|Any CPU
		{C7FEBEC3-5C8E-0C5F-9D59-1B1C5FC08B09}.Debug|Any CPU.Build.0 = Debug|Any CPU
		{C7FEBEC3-5C8E-0C5F-9D59-1B1C5FC08B09}.Release|Any CPU.ActiveCfg = Release|Any CPU
		{C7FEBEC3-5C8E-0C5F-9D59-1B1C5FC08B09}.Release|Any CPU.Build.0 = Release|Any CPU
		{4CD7EFE0-853F-79C4-D21C-A2C32AA74247}.Debug|Any CPU.ActiveCfg = Debug|Any CPU
		{4CD7EFE0-853F-79C4-D21C-A2C32AA74247}.Debug|Any CPU.Build.0 = Debug|Any CPU
		{4CD7EFE0-853F-79C4-D21C-A2C32AA74247}.Release|Any CPU.ActiveCfg = Release|Any CPU
		{4CD7EFE0-853F-79C4-D21C-A2C32AA74247}.Release|Any CPU.Build.0 = Release|Any CPU
		{FF1F78E2-8563-0586-44F0-40C905A92B49}.Debug|Any CPU.ActiveCfg = Debug|Any CPU
		{FF1F78E2-8563-0586-44F0-40C905A92B49}.Debug|Any CPU.Build.0 = Debug|Any CPU
		{FF1F78E2-8563-0586-44F0-40C905A92B49}.Release|Any CPU.ActiveCfg = Release|Any CPU
		{FF1F78E2-8563-0586-44F0-40C905A92B49}.Release|Any CPU.Build.0 = Release|Any CPU
		{480D37E0-ED63-635D-CD8C-9B806C8A18B0}.Debug|Any CPU.ActiveCfg = Debug|Any CPU
		{480D37E0-ED63-635D-CD8C-9B806C8A18B0}.Debug|Any CPU.Build.0 = Debug|Any CPU
		{480D37E0-ED63-635D-CD8C-9B806C8A18B0}.Release|Any CPU.ActiveCfg = Release|Any CPU
		{480D37E0-ED63-635D-CD8C-9B806C8A18B0}.Release|Any CPU.Build.0 = Release|Any CPU
		{38B5CEA5-921E-2582-DB75-1AE1DD8C10AE}.Debug|Any CPU.ActiveCfg = Debug|Any CPU
		{38B5CEA5-921E-2582-DB75-1AE1DD8C10AE}.Debug|Any CPU.Build.0 = Debug|Any CPU
		{38B5CEA5-921E-2582-DB75-1AE1DD8C10AE}.Release|Any CPU.ActiveCfg = Release|Any CPU
		{38B5CEA5-921E-2582-DB75-1AE1DD8C10AE}.Release|Any CPU.Build.0 = Release|Any CPU
		{DE1ED1E2-4E69-7733-DBCB-981003BB699E}.Debug|Any CPU.ActiveCfg = Debug|Any CPU
		{DE1ED1E2-4E69-7733-DBCB-981003BB699E}.Debug|Any CPU.Build.0 = Debug|Any CPU
		{DE1ED1E2-4E69-7733-DBCB-981003BB699E}.Release|Any CPU.ActiveCfg = Release|Any CPU
		{DE1ED1E2-4E69-7733-DBCB-981003BB699E}.Release|Any CPU.Build.0 = Release|Any CPU
		{B689C844-ED11-C74B-7AC2-B992B8151515}.Debug|Any CPU.ActiveCfg = Debug|Any CPU
		{B689C844-ED11-C74B-7AC2-B992B8151515}.Debug|Any CPU.Build.0 = Debug|Any CPU
		{B689C844-ED11-C74B-7AC2-B992B8151515}.Release|Any CPU.ActiveCfg = Release|Any CPU
		{B689C844-ED11-C74B-7AC2-B992B8151515}.Release|Any CPU.Build.0 = Release|Any CPU
		{AB4BBC78-52BD-C81D-EE4B-FE08E66F0498}.Debug|Any CPU.ActiveCfg = Debug|Any CPU
		{AB4BBC78-52BD-C81D-EE4B-FE08E66F0498}.Debug|Any CPU.Build.0 = Debug|Any CPU
		{AB4BBC78-52BD-C81D-EE4B-FE08E66F0498}.Release|Any CPU.ActiveCfg = Release|Any CPU
		{AB4BBC78-52BD-C81D-EE4B-FE08E66F0498}.Release|Any CPU.Build.0 = Release|Any CPU
		{288CE7FF-1B80-DDAB-FB93-9AA3404DF6FA}.Debug|Any CPU.ActiveCfg = Debug|Any CPU
		{288CE7FF-1B80-DDAB-FB93-9AA3404DF6FA}.Debug|Any CPU.Build.0 = Debug|Any CPU
		{288CE7FF-1B80-DDAB-FB93-9AA3404DF6FA}.Release|Any CPU.ActiveCfg = Release|Any CPU
		{288CE7FF-1B80-DDAB-FB93-9AA3404DF6FA}.Release|Any CPU.Build.0 = Release|Any CPU
		{9D1BA62F-6723-CAB5-5B25-FD85A8BB9231}.Debug|Any CPU.ActiveCfg = Debug|Any CPU
		{9D1BA62F-6723-CAB5-5B25-FD85A8BB9231}.Debug|Any CPU.Build.0 = Debug|Any CPU
		{9D1BA62F-6723-CAB5-5B25-FD85A8BB9231}.Release|Any CPU.ActiveCfg = Release|Any CPU
		{9D1BA62F-6723-CAB5-5B25-FD85A8BB9231}.Release|Any CPU.Build.0 = Release|Any CPU
		{993B3BA6-AEF9-A67C-9192-ED35C98B10A3}.Debug|Any CPU.ActiveCfg = Debug|Any CPU
		{993B3BA6-AEF9-A67C-9192-ED35C98B10A3}.Debug|Any CPU.Build.0 = Debug|Any CPU
		{993B3BA6-AEF9-A67C-9192-ED35C98B10A3}.Release|Any CPU.ActiveCfg = Release|Any CPU
		{993B3BA6-AEF9-A67C-9192-ED35C98B10A3}.Release|Any CPU.Build.0 = Release|Any CPU
		{24A770C5-F7BA-8EB4-6402-C8B8C53C6E9B}.Debug|Any CPU.ActiveCfg = Debug|Any CPU
		{24A770C5-F7BA-8EB4-6402-C8B8C53C6E9B}.Debug|Any CPU.Build.0 = Debug|Any CPU
		{24A770C5-F7BA-8EB4-6402-C8B8C53C6E9B}.Release|Any CPU.ActiveCfg = Release|Any CPU
		{24A770C5-F7BA-8EB4-6402-C8B8C53C6E9B}.Release|Any CPU.Build.0 = Release|Any CPU
		{2A407E8A-8439-93A7-F6D9-A78A1E199B4D}.Debug|Any CPU.ActiveCfg = Debug|Any CPU
		{2A407E8A-8439-93A7-F6D9-A78A1E199B4D}.Debug|Any CPU.Build.0 = Debug|Any CPU
		{2A407E8A-8439-93A7-F6D9-A78A1E199B4D}.Release|Any CPU.ActiveCfg = Release|Any CPU
		{2A407E8A-8439-93A7-F6D9-A78A1E199B4D}.Release|Any CPU.Build.0 = Release|Any CPU
		{C0ACF325-82DB-EE25-91DE-6AF0BAEE2D38}.Debug|Any CPU.ActiveCfg = Debug|Any CPU
		{C0ACF325-82DB-EE25-91DE-6AF0BAEE2D38}.Debug|Any CPU.Build.0 = Debug|Any CPU
		{C0ACF325-82DB-EE25-91DE-6AF0BAEE2D38}.Release|Any CPU.ActiveCfg = Release|Any CPU
		{C0ACF325-82DB-EE25-91DE-6AF0BAEE2D38}.Release|Any CPU.Build.0 = Release|Any CPU
		{71919B5A-70DE-93B3-EE43-EABFFA511511}.Debug|Any CPU.ActiveCfg = Debug|Any CPU
		{71919B5A-70DE-93B3-EE43-EABFFA511511}.Debug|Any CPU.Build.0 = Debug|Any CPU
		{71919B5A-70DE-93B3-EE43-EABFFA511511}.Release|Any CPU.ActiveCfg = Release|Any CPU
		{71919B5A-70DE-93B3-EE43-EABFFA511511}.Release|Any CPU.Build.0 = Release|Any CPU
		{F6B705AE-C39B-31BE-0BF9-4E1346466703}.Debug|Any CPU.ActiveCfg = Debug|Any CPU
		{F6B705AE-C39B-31BE-0BF9-4E1346466703}.Debug|Any CPU.Build.0 = Debug|Any CPU
		{F6B705AE-C39B-31BE-0BF9-4E1346466703}.Release|Any CPU.ActiveCfg = Release|Any CPU
		{F6B705AE-C39B-31BE-0BF9-4E1346466703}.Release|Any CPU.Build.0 = Release|Any CPU
		{79BF7F27-E9BB-46B0-EE65-B8618EAC6F39}.Debug|Any CPU.ActiveCfg = Debug|Any CPU
		{79BF7F27-E9BB-46B0-EE65-B8618EAC6F39}.Debug|Any CPU.Build.0 = Debug|Any CPU
		{79BF7F27-E9BB-46B0-EE65-B8618EAC6F39}.Release|Any CPU.ActiveCfg = Release|Any CPU
		{79BF7F27-E9BB-46B0-EE65-B8618EAC6F39}.Release|Any CPU.Build.0 = Release|Any CPU
		{FA77C4E9-6A6E-3DA6-85C3-BD337AD9F819}.Debug|Any CPU.ActiveCfg = Debug|Any CPU
		{FA77C4E9-6A6E-3DA6-85C3-BD337AD9F819}.Debug|Any CPU.Build.0 = Debug|Any CPU
		{FA77C4E9-6A6E-3DA6-85C3-BD337AD9F819}.Release|Any CPU.ActiveCfg = Release|Any CPU
		{FA77C4E9-6A6E-3DA6-85C3-BD337AD9F819}.Release|Any CPU.Build.0 = Release|Any CPU
		{3E1CB3E9-A5DF-AFB7-1859-26EC8E4BFEC5}.Debug|Any CPU.ActiveCfg = Debug|Any CPU
		{3E1CB3E9-A5DF-AFB7-1859-26EC8E4BFEC5}.Debug|Any CPU.Build.0 = Debug|Any CPU
		{3E1CB3E9-A5DF-AFB7-1859-26EC8E4BFEC5}.Release|Any CPU.ActiveCfg = Release|Any CPU
		{3E1CB3E9-A5DF-AFB7-1859-26EC8E4BFEC5}.Release|Any CPU.Build.0 = Release|Any CPU
	EndGlobalSection
	GlobalSection(SolutionProperties) = preSolution
		HideSolutionNode = FALSE
	EndGlobalSection
EndGlobal
